
Microsoft Visual Studio Solution File, Format Version 12.00
# Visual Studio Version 16
VisualStudioVersion = 16.0.31605.320
MinimumVisualStudioVersion = 10.0.40219.1
Project("{FAE04EC0-301F-11D3-BF4B-00C04F79EFBC}") = "TOSIP.Web", "TOSIP.Web\TOSIP.Web.csproj", "{4E960E3E-FF12-47CF-806A-CA21C37EFF41}"
EndProject
Global
	GlobalSection(SolutionConfigurationPlatforms) = preSolution
		Debug|Any CPU = Debug|Any CPU
		Release|Any CPU = Release|Any CPU
	EndGlobalSection
	GlobalSection(ProjectConfigurationPlatforms) = postSolution
		{4E960E3E-FF12-47CF-806A-CA21C37EFF41}.Debug|Any CPU.ActiveCfg = Debug|Any CPU
		{4E960E3E-FF12-47CF-806A-CA21C37EFF41}.Debug|Any CPU.Build.0 = Debug|Any CPU
		{4E960E3E-FF12-47CF-806A-CA21C37EFF41}.Release|Any CPU.ActiveCfg = Release|Any CPU
		{4E960E3E-FF12-47CF-806A-CA21C37EFF41}.Release|Any CPU.Build.0 = Release|Any CPU
	EndGlobalSection
	GlobalSection(SolutionProperties) = preSolution
		HideSolutionNode = FALSE
	EndGlobalSection
	GlobalSection(ExtensibilityGlobals) = postSolution
		SolutionGuid = {9BD275C5-D425-4238-9510-5DBD67A17C01}
	EndGlobalSection
EndGlobal
